
Microsoft Visual Studio Solution File, Format Version 12.00
Project("{FAE04EC0-301F-11D3-BF4B-00C04F79EFBC}") = "ExternalDataReader", "ExternalDataReader\ExternalDataReader.csproj", "{36C2F0E1-6B80-4F21-BC84-53D7978A7FB3}"
EndProject
Global
	GlobalSection(SolutionConfigurationPlatforms) = preSolution
		Debug|Any CPU = Debug|Any CPU
		Release|Any CPU = Release|Any CPU
	EndGlobalSection
	GlobalSection(ProjectConfigurationPlatforms) = postSolution
		{36C2F0E1-6B80-4F21-BC84-53D7978A7FB3}.Debug|Any CPU.ActiveCfg = Debug|Any CPU
		{36C2F0E1-6B80-4F21-BC84-53D7978A7FB3}.Debug|Any CPU.Build.0 = Debug|Any CPU
		{36C2F0E1-6B80-4F21-BC84-53D7978A7FB3}.Release|Any CPU.ActiveCfg = Release|Any CPU
		{36C2F0E1-6B80-4F21-BC84-53D7978A7FB3}.Release|Any CPU.Build.0 = Release|Any CPU
	EndGlobalSection
EndGlobal
